
Microsoft Visual Studio Solution File, Format Version 12.00
# Visual Studio Version 16
VisualStudioVersion = 16.0.29306.81
MinimumVisualStudioVersion = 10.0.40219.1
Project("{FAE04EC0-301F-11D3-BF4B-00C04F79EFBC}") = "ChatServer", "ChatServer\ChatServer.csproj", "{96860E0C-8854-457D-96A7-FB199C4365E6}"
EndProject
Project("{FAE04EC0-301F-11D3-BF4B-00C04F79EFBC}") = "Resources", "Resources\Resources.csproj", "{75D87C00-F883-4A0F-9B9C-1C3C0D28CC51}"
EndProject
Project("{FAE04EC0-301F-11D3-BF4B-00C04F79EFBC}") = "ChatClient", "ChatClient\ChatClient.csproj", "{DE21340B-2D8E-4344-AB2F-B7A6C728C93B}"
EndProject
Global
	GlobalSection(SolutionConfigurationPlatforms) = preSolution
		Debug|Any CPU = Debug|Any CPU
		Release|Any CPU = Release|Any CPU
	EndGlobalSection
	GlobalSection(ProjectConfigurationPlatforms) = postSolution
		{96860E0C-8854-457D-96A7-FB199C4365E6}.Debug|Any CPU.ActiveCfg = Debug|Any CPU
		{96860E0C-8854-457D-96A7-FB199C4365E6}.Debug|Any CPU.Build.0 = Debug|Any CPU
		{96860E0C-8854-457D-96A7-FB199C4365E6}.Release|Any CPU.ActiveCfg = Release|Any CPU
		{96860E0C-8854-457D-96A7-FB199C4365E6}.Release|Any CPU.Build.0 = Release|Any CPU
		{75D87C00-F883-4A0F-9B9C-1C3C0D28CC51}.Debug|Any CPU.ActiveCfg = Debug|Any CPU
		{75D87C00-F883-4A0F-9B9C-1C3C0D28CC51}.Release|Any CPU.ActiveCfg = Release|Any CPU
		{75D87C00-F883-4A0F-9B9C-1C3C0D28CC51}.Release|Any CPU.Build.0 = Release|Any CPU
		{DE21340B-2D8E-4344-AB2F-B7A6C728C93B}.Debug|Any CPU.ActiveCfg = Debug|Any CPU
		{DE21340B-2D8E-4344-AB2F-B7A6C728C93B}.Debug|Any CPU.Build.0 = Debug|Any CPU
		{DE21340B-2D8E-4344-AB2F-B7A6C728C93B}.Release|Any CPU.ActiveCfg = Release|Any CPU
		{DE21340B-2D8E-4344-AB2F-B7A6C728C93B}.Release|Any CPU.Build.0 = Release|Any CPU
	EndGlobalSection
	GlobalSection(SolutionProperties) = preSolution
		HideSolutionNode = FALSE
	EndGlobalSection
	GlobalSection(ExtensibilityGlobals) = postSolution
		SolutionGuid = {0C87773F-817C-43E7-AFC7-6C8E736534D5}
	EndGlobalSection
EndGlobal
